
Microsoft Visual Studio Solution File, Format Version 12.00
# Visual Studio 2012
Project("{FAE04EC0-301F-11D3-BF4B-00C04F79EFBC}") = "CodeLab.UI.Web.Mvc", "CodeLab.UI.Web.Mvc\CodeLab.UI.Web.Mvc.csproj", "{6BB8F0E7-232A-41D6-A82B-6EE03E8E4EF7}"
EndProject
Project("{FAE04EC0-301F-11D3-BF4B-00C04F79EFBC}") = "CodeLab.UI.Web.Mvc.Tests", "CodeLab.UI.Web.Mvc.Tests\CodeLab.UI.Web.Mvc.Tests.csproj", "{32F293CB-ED08-4892-ACBF-16956A74BE6A}"
EndProject
Project("{FAE04EC0-301F-11D3-BF4B-00C04F79EFBC}") = "MvcBase.WebHelper", "MvcBase.WebHelper\MvcBase.WebHelper.csproj", "{17218C45-816A-418C-B169-791A44AF96EE}"
EndProject
Global
	GlobalSection(SolutionConfigurationPlatforms) = preSolution
		Debug|Any CPU = Debug|Any CPU
		Release|Any CPU = Release|Any CPU
	EndGlobalSection
	GlobalSection(ProjectConfigurationPlatforms) = postSolution
		{6BB8F0E7-232A-41D6-A82B-6EE03E8E4EF7}.Debug|Any CPU.ActiveCfg = Debug|Any CPU
		{6BB8F0E7-232A-41D6-A82B-6EE03E8E4EF7}.Debug|Any CPU.Build.0 = Debug|Any CPU
		{6BB8F0E7-232A-41D6-A82B-6EE03E8E4EF7}.Release|Any CPU.ActiveCfg = Release|Any CPU
		{6BB8F0E7-232A-41D6-A82B-6EE03E8E4EF7}.Release|Any CPU.Build.0 = Release|Any CPU
		{32F293CB-ED08-4892-ACBF-16956A74BE6A}.Debug|Any CPU.ActiveCfg = Debug|Any CPU
		{32F293CB-ED08-4892-ACBF-16956A74BE6A}.Debug|Any CPU.Build.0 = Debug|Any CPU
		{32F293CB-ED08-4892-ACBF-16956A74BE6A}.Release|Any CPU.ActiveCfg = Release|Any CPU
		{32F293CB-ED08-4892-ACBF-16956A74BE6A}.Release|Any CPU.Build.0 = Release|Any CPU
		{17218C45-816A-418C-B169-791A44AF96EE}.Debug|Any CPU.ActiveCfg = Debug|Any CPU
		{17218C45-816A-418C-B169-791A44AF96EE}.Debug|Any CPU.Build.0 = Debug|Any CPU
		{17218C45-816A-418C-B169-791A44AF96EE}.Release|Any CPU.ActiveCfg = Release|Any CPU
		{17218C45-816A-418C-B169-791A44AF96EE}.Release|Any CPU.Build.0 = Release|Any CPU
	EndGlobalSection
	GlobalSection(SolutionProperties) = preSolution
		HideSolutionNode = FALSE
	EndGlobalSection
	GlobalSection(ExtensibilityGlobals) = postSolution
		EnterpriseLibraryConfigurationToolBinariesPath = packages\Unity.2.1.505.0\lib\NET35
	EndGlobalSection
EndGlobal
